// !$*UTF8*$!
{
	archiveVersion = 1;
	classes = {
	};
	objectVersion = 48;
	objects = {

/* Begin PBXBuildFile section */
		7AB528BD204C0BCD00F1AB28 /* AppDelegate.swift in Sources */ = {isa = PBXBuildFile; fileRef = 7AB528BC204C0BCD00F1AB28 /* AppDelegate.swift */; };
		7AB528BF204C0BCD00F1AB28 /* ViewController.swift in Sources */ = {isa = PBXBuildFile; fileRef = 7AB528BE204C0BCD00F1AB28 /* ViewController.swift */; };
		7AB528C2204C0BCD00F1AB28 /* Main.storyboard in Resources */ = {isa = PBXBuildFile; fileRef = 7AB528C0204C0BCD00F1AB28 /* Main.storyboard */; };
		7AB528C4204C0BCD00F1AB28 /* Assets.xcassets in Resources */ = {isa = PBXBuildFile; fileRef = 7AB528C3204C0BCD00F1AB28 /* Assets.xcassets */; };
		7AB528C7204C0BCD00F1AB28 /* LaunchScreen.storyboard in Resources */ = {isa = PBXBuildFile; fileRef = 7AB528C5204C0BCD00F1AB28 /* LaunchScreen.storyboard */; };
		A7AFFA23B4E56864406C9D7F /* Pods_The_MovieDB__Test_.framework in Frameworks */ = {isa = PBXBuildFile; fileRef = 2AFF00745F582421E825FE43 /* Pods_The_MovieDB__Test_.framework */; };
/* End PBXBuildFile section */

/* Begin PBXFileReference section */
		2AFF00745F582421E825FE43 /* Pods_The_MovieDB__Test_.framework */ = {isa = PBXFileReference; explicitFileType = wrapper.framework; includeInIndex = 0; path = Pods_The_MovieDB__Test_.framework; sourceTree = BUILT_PRODUCTS_DIR; };
		7AB528B9204C0BCD00F1AB28 /* The MovieDB (Test).app */ = {isa = PBXFileReference; explicitFileType = wrapper.application; includeInIndex = 0; path = "The MovieDB (Test).app"; sourceTree = BUILT_PRODUCTS_DIR; };
		7AB528BC204C0BCD00F1AB28 /* AppDelegate.swift */ = {isa = PBXFileReference; lastKnownFileType = sourcecode.swift; path = AppDelegate.swift; sourceTree = "<group>"; };
		7AB528BE204C0BCD00F1AB28 /* ViewController.swift */ = {isa = PBXFileReference; lastKnownFileType = sourcecode.swift; path = ViewController.swift; sourceTree = "<group>"; };
		7AB528C1204C0BCD00F1AB28 /* Base */ = {isa = PBXFileReference; lastKnownFileType = file.storyboard; name = Base; path = Base.lproj/Main.storyboard; sourceTree = "<group>"; };
		7AB528C3204C0BCD00F1AB28 /* Assets.xcassets */ = {isa = PBXFileReference; lastKnownFileType = folder.assetcatalog; path = Assets.xcassets; sourceTree = "<group>"; };
		7AB528C6204C0BCD00F1AB28 /* Base */ = {isa = PBXFileReference; lastKnownFileType = file.storyboard; name = Base; path = Base.lproj/LaunchScreen.storyboard; sourceTree = "<group>"; };
		7AB528C8204C0BCD00F1AB28 /* Info.plist */ = {isa = PBXFileReference; lastKnownFileType = text.plist.xml; path = Info.plist; sourceTree = "<group>"; };
		9FABC967D4A65A7FB1C81888 /* Pods-The MovieDB (Test).release.xcconfig */ = {isa = PBXFileReference; includeInIndex = 1; lastKnownFileType = text.xcconfig; name = "Pods-The MovieDB (Test).release.xcconfig"; path = "Pods/Target Support Files/Pods-The MovieDB (Test)/Pods-The MovieDB (Test).release.xcconfig"; sourceTree = "<group>"; };
		C79EEA8E5B7FAF6CFC5B2F1C /* Pods-The MovieDB (Test).debug.xcconfig */ = {isa = PBXFileReference; includeInIndex = 1; lastKnownFileType = text.xcconfig; name = "Pods-The MovieDB (Test).debug.xcconfig"; path = "Pods/Target Support Files/Pods-The MovieDB (Test)/Pods-The MovieDB (Test).debug.xcconfig"; sourceTree = "<group>"; };
/* End PBXFileReference section */

/* Begin PBXFrameworksBuildPhase section */
		7AB528B6204C0BCD00F1AB28 /* Frameworks */ = {
			isa = PBXFrameworksBuildPhase;
			buildActionMask = 2147483647;
			files = (
				A7AFFA23B4E56864406C9D7F /* Pods_The_MovieDB__Test_.framework in Frameworks */,
			);
			runOnlyForDeploymentPostprocessing = 0;
		};
/* End PBXFrameworksBuildPhase section */

/* Begin PBXGroup section */
		6B4E4894A8D984489AC981D4 /* Frameworks */ = {
			isa = PBXGroup;
			children = (
				2AFF00745F582421E825FE43 /* Pods_The_MovieDB__Test_.framework */,
			);
			name = Frameworks;
			sourceTree = "<group>";
		};
		7AB528B0204C0BCD00F1AB28 = {
			isa = PBXGroup;
			children = (
				7AB528BB204C0BCD00F1AB28 /* The MovieDB (Test) */,
				7AB528BA204C0BCD00F1AB28 /* Products */,
				C883C618E2200B3C50E1945F /* Pods */,
				6B4E4894A8D984489AC981D4 /* Frameworks */,
			);
			sourceTree = "<group>";
		};
		7AB528BA204C0BCD00F1AB28 /* Products */ = {
			isa = PBXGroup;
			children = (
				7AB528B9204C0BCD00F1AB28 /* The MovieDB (Test).app */,
			);
			name = Products;
			sourceTree = "<group>";
		};
		7AB528BB204C0BCD00F1AB28 /* The MovieDB (Test) */ = {
			isa = PBXGroup;
			children = (
				7AB528BC204C0BCD00F1AB28 /* AppDelegate.swift */,
				7AB528BE204C0BCD00F1AB28 /* ViewController.swift */,
				7AB528C0204C0BCD00F1AB28 /* Main.storyboard */,
				7AB528C3204C0BCD00F1AB28 /* Assets.xcassets */,
				7AB528C5204C0BCD00F1AB28 /* LaunchScreen.storyboard */,
				7AB528C8204C0BCD00F1AB28 /* Info.plist */,
			);
			path = "The MovieDB (Test)";
			sourceTree = "<group>";
		};
		C883C618E2200B3C50E1945F /* Pods */ = {
			isa = PBXGroup;
			children = (
				C79EEA8E5B7FAF6CFC5B2F1C /* Pods-The MovieDB (Test).debug.xcconfig */,
				9FABC967D4A65A7FB1C81888 /* Pods-The MovieDB (Test).release.xcconfig */,
			);
			name = Pods;
			sourceTree = "<group>";
		};
/* End PBXGroup section */

/* Begin PBXNativeTarget section */
		7AB528B8204C0BCD00F1AB28 /* The MovieDB (Test) */ = {
			isa = PBXNativeTarget;
			buildConfigurationList = 7AB528CB204C0BCD00F1AB28 /* Build configuration list for PBXNativeTarget "The MovieDB (Test)" */;
			buildPhases = (
				8FF4740714A61AEDAF386553 /* [CP] Check Pods Manifest.lock */,
				7AB528B5204C0BCD00F1AB28 /* Sources */,
				7AB528B6204C0BCD00F1AB28 /* Frameworks */,
				7AB528B7204C0BCD00F1AB28 /* Resources */,
				C5F8E78C580F1A328924DC00 /* [CP] Embed Pods Frameworks */,
				7A98154558F14AE4614CC523 /* [CP] Copy Pods Resources */,
			);
			buildRules = (
			);
			dependencies = (
			);
			name = "The MovieDB (Test)";
			productName = "The MovieDB (Test)";
			productReference = 7AB528B9204C0BCD00F1AB28 /* The MovieDB (Test).app */;
			productType = "com.apple.product-type.application";
		};
/* End PBXNativeTarget section */

/* Begin PBXProject section */
		7AB528B1204C0BCD00F1AB28 /* Project object */ = {
			isa = PBXProject;
			attributes = {
				LastSwiftUpdateCheck = 0920;
				LastUpgradeCheck = 0920;
				ORGANIZATIONNAME = "Rostyslav Hetmaniuk";
				TargetAttributes = {
					7AB528B8204C0BCD00F1AB28 = {
						CreatedOnToolsVersion = 9.2;
						ProvisioningStyle = Automatic;
					};
				};
			};
			buildConfigurationList = 7AB528B4204C0BCD00F1AB28 /* Build configuration list for PBXProject "The MovieDB (Test)" */;
			compatibilityVersion = "Xcode 8.0";
			developmentRegion = en;
			hasScannedForEncodings = 0;
			knownRegions = (
				en,
				Base,
			);
			mainGroup = 7AB528B0204C0BCD00F1AB28;
			productRefGroup = 7AB528BA204C0BCD00F1AB28 /* Products */;
			projectDirPath = "";
			projectRoot = "";
			targets = (
				7AB528B8204C0BCD00F1AB28 /* The MovieDB (Test) */,
			);
		};
/* End PBXProject section */

/* Begin PBXResourcesBuildPhase section */
		7AB528B7204C0BCD00F1AB28 /* Resources */ = {
			isa = PBXResourcesBuildPhase;
			buildActionMask = 2147483647;
			files = (
				7AB528C7204C0BCD00F1AB28 /* LaunchScreen.storyboard in Resources */,
				7AB528C4204C0BCD00F1AB28 /* Assets.xcassets in Resources */,
				7AB528C2204C0BCD00F1AB28 /* Main.storyboard in Resources */,
			);
			runOnlyForDeploymentPostprocessing = 0;
		};
/* End PBXResourcesBuildPhase section */

/* Begin PBXShellScriptBuildPhase section */
		7A98154558F14AE4614CC523 /* [CP] Copy Pods Resources */ = {
			isa = PBXShellScriptBuildPhase;
			buildActionMask = 2147483647;
			files = (
			);
			inputPaths = (
			);
			name = "[CP] Copy Pods Resources";
			outputPaths = (
			);
			runOnlyForDeploymentPostprocessing = 0;
			shellPath = /bin/sh;
			shellScript = "\"${SRCROOT}/Pods/Target Support Files/Pods-The MovieDB (Test)/Pods-The MovieDB (Test)-resources.sh\"\n";
			showEnvVarsInLog = 0;
		};
		8FF4740714A61AEDAF386553 /* [CP] Check Pods Manifest.lock */ = {
			isa = PBXShellScriptBuildPhase;
			buildActionMask = 2147483647;
			files = (
			);
			inputPaths = (
				"${PODS_PODFILE_DIR_PATH}/Podfile.lock",
				"${PODS_ROOT}/Manifest.lock",
			);
			name = "[CP] Check Pods Manifest.lock";
			outputPaths = (
				"$(DERIVED_FILE_DIR)/Pods-The MovieDB (Test)-checkManifestLockResult.txt",
			);
			runOnlyForDeploymentPostprocessing = 0;
			shellPath = /bin/sh;
			shellScript = "diff \"${PODS_PODFILE_DIR_PATH}/Podfile.lock\" \"${PODS_ROOT}/Manifest.lock\" > /dev/null\nif [ $? != 0 ] ; then\n    # print error to STDERR\n    echo \"error: The sandbox is not in sync with the Podfile.lock. Run 'pod install' or update your CocoaPods installation.\" >&2\n    exit 1\nfi\n# This output is used by Xcode 'outputs' to avoid re-running this script phase.\necho \"SUCCESS\" > \"${SCRIPT_OUTPUT_FILE_0}\"\n";
			showEnvVarsInLog = 0;
		};
		C5F8E78C580F1A328924DC00 /* [CP] Embed Pods Frameworks */ = {
			isa = PBXShellScriptBuildPhase;
			buildActionMask = 2147483647;
			files = (
			);
			inputPaths = (
				"${SRCROOT}/Pods/Target Support Files/Pods-The MovieDB (Test)/Pods-The MovieDB (Test)-frameworks.sh",
				"${BUILT_PRODUCTS_DIR}/Alamofire/Alamofire.framework",
			);
			name = "[CP] Embed Pods Frameworks";
			outputPaths = (
				"${TARGET_BUILD_DIR}/${FRAMEWORKS_FOLDER_PATH}/Alamofire.framework",
			);
			runOnlyForDeploymentPostprocessing = 0;
			shellPath = /bin/sh;
			shellScript = "\"${SRCROOT}/Pods/Target Support Files/Pods-The MovieDB (Test)/Pods-The MovieDB (Test)-frameworks.sh\"\n";
			showEnvVarsInLog = 0;
		};
/* End PBXShellScriptBuildPhase section */

/* Begin PBXSourcesBuildPhase section */
		7AB528B5204C0BCD00F1AB28 /* Sources */ = {
			isa = PBXSourcesBuildPhase;
			buildActionMask = 2147483647;
			files = (
				7AB528BF204C0BCD00F1AB28 /* ViewController.swift in Sources */,
				7AB528BD204C0BCD00F1AB28 /* AppDelegate.swift in Sources */,
			);
			runOnlyForDeploymentPostprocessing = 0;
		};
/* End PBXSourcesBuildPhase section */

/* Begin PBXVariantGroup section */
		7AB528C0204C0BCD00F1AB28 /* Main.storyboard */ = {
			isa = PBXVariantGroup;
			children = (
				7AB528C1204C0BCD00F1AB28 /* Base */,
			);
			name = Main.storyboard;
			sourceTree = "<group>";
		};
		7AB528C5204C0BCD00F1AB28 /* LaunchScreen.storyboard */ = {
			isa = PBXVariantGroup;
			children = (
				7AB528C6204C0BCD00F1AB28 /* Base */,
			);
			name = LaunchScreen.storyboard;
			sourceTree = "<group>";
		};
/* End PBXVariantGroup section */

/* Begin XCBuildConfiguration section */
		7AB528C9204C0BCD00F1AB28 /* Debug */ = {
			isa = XCBuildConfiguration;
			buildSettings = {
				ALWAYS_SEARCH_USER_PATHS = NO;
				CLANG_ANALYZER_NONNULL = YES;
				CLANG_ANALYZER_NUMBER_OBJECT_CONVERSION = YES_AGGRESSIVE;
				CLANG_CXX_LANGUAGE_STANDARD = "gnu++14";
				CLANG_CXX_LIBRARY = "libc++";
				CLANG_ENABLE_MODULES = YES;
				CLANG_ENABLE_OBJC_ARC = YES;
				CLANG_WARN_BLOCK_CAPTURE_AUTORELEASING = YES;
				CLANG_WARN_BOOL_CONVERSION = YES;
				CLANG_WARN_COMMA = YES;
				CLANG_WARN_CONSTANT_CONVERSION = YES;
				CLANG_WARN_DIRECT_OBJC_ISA_USAGE = YES_ERROR;
				CLANG_WARN_DOCUMENTATION_COMMENTS = YES;
				CLANG_WARN_EMPTY_BODY = YES;
				CLANG_WARN_ENUM_CONVERSION = YES;
				CLANG_WARN_INFINITE_RECURSION = YES;
				CLANG_WARN_INT_CONVERSION = YES;
				CLANG_WARN_NON_LITERAL_NULL_CONVERSION = YES;
				CLANG_WARN_OBJC_LITERAL_CONVERSION = YES;
				CLANG_WARN_OBJC_ROOT_CLASS = YES_ERROR;
				CLANG_WARN_RANGE_LOOP_ANALYSIS = YES;
				CLANG_WARN_STRICT_PROTOTYPES = YES;
				CLANG_WARN_SUSPICIOUS_MOVE = YES;
				CLANG_WARN_UNGUARDED_AVAILABILITY = YES_AGGRESSIVE;
				CLANG_WARN_UNREACHABLE_CODE = YES;
				CLANG_WARN__DUPLICATE_METHOD_MATCH = YES;
				CODE_SIGN_IDENTITY = "iPhone Developer";
				COPY_PHASE_STRIP = NO;
				DEBUG_INFORMATION_FORMAT = dwarf;
				ENABLE_STRICT_OBJC_MSGSEND = YES;
				ENABLE_TESTABILITY = YES;
				GCC_C_LANGUAGE_STANDARD = gnu11;
				GCC_DYNAMIC_NO_PIC = NO;
				GCC_NO_COMMON_BLOCKS = YES;
				GCC_OPTIMIZATION_LEVEL = 0;
				GCC_PREPROCESSOR_DEFINITIONS = (
					"DEBUG=1",
					"$(inherited)",
				);
				GCC_WARN_64_TO_32_BIT_CONVERSION = YES;
				GCC_WARN_ABOUT_RETURN_TYPE = YES_ERROR;
				GCC_WARN_UNDECLARED_SELECTOR = YES;
				GCC_WARN_UNINITIALIZED_AUTOS = YES_AGGRESSIVE;
				GCC_WARN_UNUSED_FUNCTION = YES;
				GCC_WARN_UNUSED_VARIABLE = YES;
				IPHONEOS_DEPLOYMENT_TARGET = 11.2;
				MTL_ENABLE_DEBUG_INFO = YES;
				ONLY_ACTIVE_ARCH = YES;
				SDKROOT = iphoneos;
				SWIFT_ACTIVE_COMPILATION_CONDITIONS = DEBUG;
				SWIFT_OPTIMIZATION_LEVEL = "-Onone";
			};
			name = Debug;
		};
		7AB528CA204C0BCD00F1AB28 /* Release */ = {
			isa = XCBuildConfiguration;
			buildSettings = {
				ALWAYS_SEARCH_USER_PATHS = NO;
				CLANG_ANALYZER_NONNULL = YES;
				CLANG_ANALYZER_NUMBER_OBJECT_CONVERSION = YES_AGGRESSIVE;
				CLANG_CXX_LANGUAGE_STANDARD = "gnu++14";
				CLANG_CXX_LIBRARY = "libc++";
				CLANG_ENABLE_MODULES = YES;
				CLANG_ENABLE_OBJC_ARC = YES;
				CLANG_WARN_BLOCK_CAPTURE_AUTORELEASING = YES;
				CLANG_WARN_BOOL_CONVERSION = YES;
				CLANG_WARN_COMMA = YES;
				CLANG_WARN_CONSTANT_CONVERSION = YES;
				CLANG_WARN_DIRECT_OBJC_ISA_USAGE = YES_ERROR;
				CLANG_WARN_DOCUMENTATION_COMMENTS = YES;
				CLANG_WARN_EMPTY_BODY = YES;
				CLANG_WARN_ENUM_CONVERSION = YES;
				CLANG_WARN_INFINITE_RECURSION = YES;
				CLANG_WARN_INT_CONVERSION = YES;
				CLANG_WARN_NON_LITERAL_NULL_CONVERSION = YES;
				CLANG_WARN_OBJC_LITERAL_CONVERSION = YES;
				CLANG_WARN_OBJC_ROOT_CLASS = YES_ERROR;
				CLANG_WARN_RANGE_LOOP_ANALYSIS = YES;
				CLANG_WARN_STRICT_PROTOTYPES = YES;
				CLANG_WARN_SUSPICIOUS_MOVE = YES;
				CLANG_WARN_UNGUARDED_AVAILABILITY = YES_AGGRESSIVE;
				CLANG_WARN_UNREACHABLE_CODE = YES;
				CLANG_WARN__DUPLICATE_METHOD_MATCH = YES;
				CODE_SIGN_IDENTITY = "iPhone Developer";
				COPY_PHASE_STRIP = NO;
				DEBUG_INFORMATION_FORMAT = "dwarf-with-dsym";
				ENABLE_NS_ASSERTIONS = NO;
				ENABLE_STRICT_OBJC_MSGSEND = YES;
				GCC_C_LANGUAGE_STANDARD = gnu11;
				GCC_NO_COMMON_BLOCKS = YES;
				GCC_WARN_64_TO_32_BIT_CONVERSION = YES;
				GCC_WARN_ABOUT_RETURN_TYPE = YES_ERROR;
				GCC_WARN_UNDECLARED_SELECTOR = YES;
				GCC_WARN_UNINITIALIZED_AUTOS = YES_AGGRESSIVE;
				GCC_WARN_UNUSED_FUNCTION = YES;
				GCC_WARN_UNUSED_VARIABLE = YES;
				IPHONEOS_DEPLOYMENT_TARGET = 11.2;
				MTL_ENABLE_DEBUG_INFO = NO;
				SDKROOT = iphoneos;
				SWIFT_OPTIMIZATION_LEVEL = "-Owholemodule";
				VALIDATE_PRODUCT = YES;
			};
			name = Release;
		};
		7AB528CC204C0BCD00F1AB28 /* Debug */ = {
			isa = XCBuildConfiguration;
			baseConfigurationReference = C79EEA8E5B7FAF6CFC5B2F1C /* Pods-The MovieDB (Test).debug.xcconfig */;
			buildSettings = {
				ASSETCATALOG_COMPILER_APPICON_NAME = AppIcon;
				CODE_SIGN_STYLE = Automatic;
				DEVELOPMENT_TEAM = G63S584H6U;
				INFOPLIST_FILE = "The MovieDB (Test)/Info.plist";
				LD_RUNPATH_SEARCH_PATHS = "$(inherited) @executable_path/Frameworks";
				PRODUCT_BUNDLE_IDENTIFIER = "com.hetmaniukrostyslav.The-MovieDB--Test-";
				PRODUCT_NAME = "$(TARGET_NAME)";
				SWIFT_VERSION = 4.0;
				TARGETED_DEVICE_FAMILY = "1,2";
			};
			name = Debug;
		};
		7AB528CD204C0BCD00F1AB28 /* Release */ = {
			isa = XCBuildConfiguration;
			baseConfigurationReference = 9FABC967D4A65A7FB1C81888 /* Pods-The MovieDB (Test).release.xcconfig */;
			buildSettings = {
				ASSETCATALOG_COMPILER_APPICON_NAME = AppIcon;
				CODE_SIGN_STYLE = Automatic;
				DEVELOPMENT_TEAM = G63S584H6U;
				INFOPLIST_FILE = "The MovieDB (Test)/Info.plist";
				LD_RUNPATH_SEARCH_PATHS = "$(inherited) @executable_path/Frameworks";
				PRODUCT_BUNDLE_IDENTIFIER = "com.hetmaniukrostyslav.The-MovieDB--Test-";
				PRODUCT_NAME = "$(TARGET_NAME)";
				SWIFT_VERSION = 4.0;
				TARGETED_DEVICE_FAMILY = "1,2";
			};
			name = Release;
		};
/* End XCBuildConfiguration section */

/* Begin XCConfigurationList section */
		7AB528B4204C0BCD00F1AB28 /* Build configuration list for PBXProject "The MovieDB (Test)" */ = {
			isa = XCConfigurationList;
			buildConfigurations = (
				7AB528C9204C0BCD00F1AB28 /* Debug */,
				7AB528CA204C0BCD00F1AB28 /* Release */,
			);
			defaultConfigurationIsVisible = 0;
			defaultConfigurationName = Release;
		};
		7AB528CB204C0BCD00F1AB28 /* Build configuration list for PBXNativeTarget "The MovieDB (Test)" */ = {
			isa = XCConfigurationList;
			buildConfigurations = (
				7AB528CC204C0BCD00F1AB28 /* Debug */,
				7AB528CD204C0BCD00F1AB28 /* Release */,
			);
			defaultConfigurationIsVisible = 0;
			defaultConfigurationName = Release;
		};
/* End XCConfigurationList section */
	};
	rootObject = 7AB528B1204C0BCD00F1AB28 /* Project object */;
}
